
Microsoft Visual Studio Solution File, Format Version 12.00
# Visual Studio 2015
Project("{FAE04EC0-301F-11D3-BF4B-00C04F79EFBC}") = "Cars2D.CSharp", "Cars2D.CSharp.csproj", "{D713CB69-C382-A53E-1C98-62CCEEE8585C}"
EndProject
Global
	GlobalSection(SolutionConfigurationPlatforms) = preSolution
		Debug|Any CPU = Debug|Any CPU
		Release|Any CPU = Release|Any CPU
	EndGlobalSection
	GlobalSection(ProjectConfigurationPlatforms) = postSolution
		{D713CB69-C382-A53E-1C98-62CCEEE8585C}.Debug|Any CPU.ActiveCfg = Debug|Any CPU
		{D713CB69-C382-A53E-1C98-62CCEEE8585C}.Debug|Any CPU.Build.0 = Debug|Any CPU
		{D713CB69-C382-A53E-1C98-62CCEEE8585C}.Release|Any CPU.ActiveCfg = Release|Any CPU
		{D713CB69-C382-A53E-1C98-62CCEEE8585C}.Release|Any CPU.Build.0 = Release|Any CPU
	EndGlobalSection
	GlobalSection(SolutionProperties) = preSolution
		HideSolutionNode = FALSE
	EndGlobalSection
EndGlobal
